
Microsoft Visual Studio Solution File, Format Version 12.00
# Visual Studio Version 17
VisualStudioVersion = 17.5.33516.290
MinimumVisualStudioVersion = 10.0.40219.1
Project("{FAE04EC0-301F-11D3-BF4B-00C04F79EFBC}") = "LengthCaculator", "LengthCaculator\LengthCaculator.csproj", "{10ED7B5C-6255-41DB-8530-B6AA0D0BAAB6}"
EndProject
Global
	GlobalSection(SolutionConfigurationPlatforms) = preSolution
		Debug|Any CPU = Debug|Any CPU
		Release|Any CPU = Release|Any CPU
	EndGlobalSection
	GlobalSection(ProjectConfigurationPlatforms) = postSolution
		{10ED7B5C-6255-41DB-8530-B6AA0D0BAAB6}.Debug|Any CPU.ActiveCfg = Debug|Any CPU
		{10ED7B5C-6255-41DB-8530-B6AA0D0BAAB6}.Debug|Any CPU.Build.0 = Debug|Any CPU
		{10ED7B5C-6255-41DB-8530-B6AA0D0BAAB6}.Release|Any CPU.ActiveCfg = Release|Any CPU
		{10ED7B5C-6255-41DB-8530-B6AA0D0BAAB6}.Release|Any CPU.Build.0 = Release|Any CPU
	EndGlobalSection
	GlobalSection(SolutionProperties) = preSolution
		HideSolutionNode = FALSE
	EndGlobalSection
	GlobalSection(ExtensibilityGlobals) = postSolution
		SolutionGuid = {12339701-DA48-45D8-B896-C88113ED89F9}
	EndGlobalSection
EndGlobal
